
Microsoft Visual Studio Solution File, Format Version 12.00
# Visual Studio Version 16
VisualStudioVersion = 16.0.29709.97
MinimumVisualStudioVersion = 10.0.40219.1
Project("{FAE04EC0-301F-11D3-BF4B-00C04F79EFBC}") = "WebApplicationFacebookMessengerBotDemo", "WebApplicationFacebookMessengerBotDemo\WebApplicationFacebookMessengerBotDemo.csproj", "{D3520B8D-5E39-4F1C-B847-1FDDB1F4E7A8}"
EndProject
Global
	GlobalSection(SolutionConfigurationPlatforms) = preSolution
		Debug|Any CPU = Debug|Any CPU
		Release|Any CPU = Release|Any CPU
	EndGlobalSection
	GlobalSection(ProjectConfigurationPlatforms) = postSolution
		{D3520B8D-5E39-4F1C-B847-1FDDB1F4E7A8}.Debug|Any CPU.ActiveCfg = Debug|Any CPU
		{D3520B8D-5E39-4F1C-B847-1FDDB1F4E7A8}.Debug|Any CPU.Build.0 = Debug|Any CPU
		{D3520B8D-5E39-4F1C-B847-1FDDB1F4E7A8}.Release|Any CPU.ActiveCfg = Release|Any CPU
		{D3520B8D-5E39-4F1C-B847-1FDDB1F4E7A8}.Release|Any CPU.Build.0 = Release|Any CPU
	EndGlobalSection
	GlobalSection(SolutionProperties) = preSolution
		HideSolutionNode = FALSE
	EndGlobalSection
	GlobalSection(ExtensibilityGlobals) = postSolution
		SolutionGuid = {ADAB76E1-A450-4DC6-9C2C-F75585097BC9}
	EndGlobalSection
EndGlobal
